uuid: 184ca76a-c4a3-47ea-bcc5-398a8842abf3
langcode: da
status: true
dependencies:
  module:
    - pannellum_integration
  theme:
    - custom
id: pannellumblock
theme: custom
region: content
weight: 0
provider: null
plugin: pannellum_block
settings:
  id: pannellum_block
  label: 'Pannellum block'
  provider: pannellum_integration
  label_display: visible
visibility: {  }
